
Microsoft Visual Studio Solution File, Format Version 12.00
# Visual Studio 15
VisualStudioVersion = 15.0.26730.12
MinimumVisualStudioVersion = 10.0.40219.1
Project("{8BC9CEB8-8B4A-11D0-8D11-00A0C91BC942}") = "ReaderProcess", "ReaderProcess\ReaderProcess.vcxproj", "{E2C3DCF9-3F40-4A79-985B-F54BA2DC7CDF}"
EndProject
Global
	GlobalSection(SolutionConfigurationPlatforms) = preSolution
		Debug|x64 = Debug|x64
		Debug|x86 = Debug|x86
		Release|x64 = Release|x64
		Release|x86 = Release|x86
	EndGlobalSection
	GlobalSection(ProjectConfigurationPlatforms) = postSolution
		{E2C3DCF9-3F40-4A79-985B-F54BA2DC7CDF}.Debug|x64.ActiveCfg = Debug|x64
		{E2C3DCF9-3F40-4A79-985B-F54BA2DC7CDF}.Debug|x64.Build.0 = Debug|x64
		{E2C3DCF9-3F40-4A79-985B-F54BA2DC7CDF}.Debug|x86.ActiveCfg = Debug|Win32
		{E2C3DCF9-3F40-4A79-985B-F54BA2DC7CDF}.Debug|x86.Build.0 = Debug|Win32
		{E2C3DCF9-3F40-4A79-985B-F54BA2DC7CDF}.Release|x64.ActiveCfg = Release|x64
		{E2C3DCF9-3F40-4A79-985B-F54BA2DC7CDF}.Release|x64.Build.0 = Release|x64
		{E2C3DCF9-3F40-4A79-985B-F54BA2DC7CDF}.Release|x86.ActiveCfg = Release|Win32
		{E2C3DCF9-3F40-4A79-985B-F54BA2DC7CDF}.Release|x86.Build.0 = Release|Win32
	EndGlobalSection
	GlobalSection(SolutionProperties) = preSolution
		HideSolutionNode = FALSE
	EndGlobalSection
	GlobalSection(ExtensibilityGlobals) = postSolution
		SolutionGuid = {D4DD48F9-A5FF-40C5-A67E-558B4D050A12}
	EndGlobalSection
EndGlobal
